
Microsoft Visual Studio Solution File, Format Version 12.00
# Visual Studio Version 16
VisualStudioVersion = 16.0.31424.327
MinimumVisualStudioVersion = 10.0.40219.1
Project("{FAE04EC0-301F-11D3-BF4B-00C04F79EFBC}") = "VeterinaryAPI", "VeterinaryAPI.csproj", "{A22CD676-00B8-4657-A68A-D0B1EA12A967}"
EndProject
Global
	GlobalSection(SolutionConfigurationPlatforms) = preSolution
		Debug|Any CPU = Debug|Any CPU
		Release|Any CPU = Release|Any CPU
	EndGlobalSection
	GlobalSection(ProjectConfigurationPlatforms) = postSolution
		{A22CD676-00B8-4657-A68A-D0B1EA12A967}.Debug|Any CPU.ActiveCfg = Debug|Any CPU
		{A22CD676-00B8-4657-A68A-D0B1EA12A967}.Debug|Any CPU.Build.0 = Debug|Any CPU
		{A22CD676-00B8-4657-A68A-D0B1EA12A967}.Release|Any CPU.ActiveCfg = Release|Any CPU
		{A22CD676-00B8-4657-A68A-D0B1EA12A967}.Release|Any CPU.Build.0 = Release|Any CPU
	EndGlobalSection
	GlobalSection(SolutionProperties) = preSolution
		HideSolutionNode = FALSE
	EndGlobalSection
	GlobalSection(ExtensibilityGlobals) = postSolution
		SolutionGuid = {426946DA-C3F5-447E-BF34-D14EF81E5885}
	EndGlobalSection
EndGlobal
